
Microsoft Visual Studio Solution File, Format Version 12.00
# Visual Studio Version 16
VisualStudioVersion = 16.0.29613.14
MinimumVisualStudioVersion = 10.0.40219.1
Project("{FAE04EC0-301F-11D3-BF4B-00C04F79EFBC}") = "WebChat", "WebChat\WebChat.csproj", "{C42E6C49-9F73-41FD-8ADC-B8B76AA7A702}"
EndProject
Global
	GlobalSection(SolutionConfigurationPlatforms) = preSolution
		Debug|Any CPU = Debug|Any CPU
		Release|Any CPU = Release|Any CPU
	EndGlobalSection
	GlobalSection(ProjectConfigurationPlatforms) = postSolution
		{C42E6C49-9F73-41FD-8ADC-B8B76AA7A702}.Debug|Any CPU.ActiveCfg = Debug|Any CPU
		{C42E6C49-9F73-41FD-8ADC-B8B76AA7A702}.Debug|Any CPU.Build.0 = Debug|Any CPU
		{C42E6C49-9F73-41FD-8ADC-B8B76AA7A702}.Release|Any CPU.ActiveCfg = Release|Any CPU
		{C42E6C49-9F73-41FD-8ADC-B8B76AA7A702}.Release|Any CPU.Build.0 = Release|Any CPU
	EndGlobalSection
	GlobalSection(SolutionProperties) = preSolution
		HideSolutionNode = FALSE
	EndGlobalSection
	GlobalSection(ExtensibilityGlobals) = postSolution
		SolutionGuid = {A5607DAF-8C58-4B59-A8E1-B3617106CCFC}
	EndGlobalSection
EndGlobal
